
Microsoft Visual Studio Solution File, Format Version 12.00
# Visual Studio 15
VisualStudioVersion = 15.0.27130.2036
MinimumVisualStudioVersion = 10.0.40219.1
Project("{FAE04EC0-301F-11D3-BF4B-00C04F79EFBC}") = "NotificationService.Api.Core", "NotificationService.Api.Core\NotificationService.Api.Core.csproj", "{80919099-8947-4641-94F9-409CFBEDD26F}"
EndProject
Project("{E53339B2-1760-4266-BCC7-CA923CBCF16C}") = "docker-compose", "docker-compose.dcproj", "{C760A174-810F-4C39-A793-D2E5B25F3373}"
EndProject
Project("{FAE04EC0-301F-11D3-BF4B-00C04F79EFBC}") = "NotificationService.Repository", "NotificationService.Repository\NotificationService.Repository.csproj", "{227D498D-5821-443A-8591-6A856A3FBB5F}"
EndProject
Project("{FAE04EC0-301F-11D3-BF4B-00C04F79EFBC}") = "NotificationService.Shared", "NotificationService.Shared\NotificationService.Shared.csproj", "{866FC758-0572-4A37-BAB6-05D97D3B16F7}"
EndProject
Global
	GlobalSection(SolutionConfigurationPlatforms) = preSolution
		Debug|Any CPU = Debug|Any CPU
		Release|Any CPU = Release|Any CPU
	EndGlobalSection
	GlobalSection(ProjectConfigurationPlatforms) = postSolution
		{80919099-8947-4641-94F9-409CFBEDD26F}.Debug|Any CPU.ActiveCfg = Debug|Any CPU
		{80919099-8947-4641-94F9-409CFBEDD26F}.Debug|Any CPU.Build.0 = Debug|Any CPU
		{80919099-8947-4641-94F9-409CFBEDD26F}.Release|Any CPU.ActiveCfg = Release|Any CPU
		{80919099-8947-4641-94F9-409CFBEDD26F}.Release|Any CPU.Build.0 = Release|Any CPU
		{C760A174-810F-4C39-A793-D2E5B25F3373}.Debug|Any CPU.ActiveCfg = Debug|Any CPU
		{C760A174-810F-4C39-A793-D2E5B25F3373}.Debug|Any CPU.Build.0 = Debug|Any CPU
		{C760A174-810F-4C39-A793-D2E5B25F3373}.Release|Any CPU.ActiveCfg = Release|Any CPU
		{C760A174-810F-4C39-A793-D2E5B25F3373}.Release|Any CPU.Build.0 = Release|Any CPU
		{227D498D-5821-443A-8591-6A856A3FBB5F}.Debug|Any CPU.ActiveCfg = Debug|Any CPU
		{227D498D-5821-443A-8591-6A856A3FBB5F}.Debug|Any CPU.Build.0 = Debug|Any CPU
		{227D498D-5821-443A-8591-6A856A3FBB5F}.Release|Any CPU.ActiveCfg = Release|Any CPU
		{227D498D-5821-443A-8591-6A856A3FBB5F}.Release|Any CPU.Build.0 = Release|Any CPU
		{866FC758-0572-4A37-BAB6-05D97D3B16F7}.Debug|Any CPU.ActiveCfg = Debug|Any CPU
		{866FC758-0572-4A37-BAB6-05D97D3B16F7}.Debug|Any CPU.Build.0 = Debug|Any CPU
		{866FC758-0572-4A37-BAB6-05D97D3B16F7}.Release|Any CPU.ActiveCfg = Release|Any CPU
		{866FC758-0572-4A37-BAB6-05D97D3B16F7}.Release|Any CPU.Build.0 = Release|Any CPU
	EndGlobalSection
	GlobalSection(SolutionProperties) = preSolution
		HideSolutionNode = FALSE
	EndGlobalSection
	GlobalSection(ExtensibilityGlobals) = postSolution
		SolutionGuid = {BF90BBC4-7DC4-4EE4-B6C2-FBDF3E2D3C2F}
	EndGlobalSection
EndGlobal
